
Microsoft Visual Studio Solution File, Format Version 12.00
# Visual Studio Version 17
VisualStudioVersion = 17.4.33213.308
MinimumVisualStudioVersion = 10.0.40219.1
Project("{FAE04EC0-301F-11D3-BF4B-00C04F79EFBC}") = "IndividuellDbProject", "IndividuellDbProject.csproj", "{589CB36C-E9C4-499B-9437-6E4C4B388F5B}"
EndProject
Global
	GlobalSection(SolutionConfigurationPlatforms) = preSolution
		Debug|Any CPU = Debug|Any CPU
		Release|Any CPU = Release|Any CPU
	EndGlobalSection
	GlobalSection(ProjectConfigurationPlatforms) = postSolution
		{589CB36C-E9C4-499B-9437-6E4C4B388F5B}.Debug|Any CPU.ActiveCfg = Debug|Any CPU
		{589CB36C-E9C4-499B-9437-6E4C4B388F5B}.Debug|Any CPU.Build.0 = Debug|Any CPU
		{589CB36C-E9C4-499B-9437-6E4C4B388F5B}.Release|Any CPU.ActiveCfg = Release|Any CPU
		{589CB36C-E9C4-499B-9437-6E4C4B388F5B}.Release|Any CPU.Build.0 = Release|Any CPU
	EndGlobalSection
	GlobalSection(SolutionProperties) = preSolution
		HideSolutionNode = FALSE
	EndGlobalSection
	GlobalSection(ExtensibilityGlobals) = postSolution
		SolutionGuid = {12D8111B-94F8-498C-907C-98D2433365C5}
	EndGlobalSection
EndGlobal
